
Microsoft Visual Studio Solution File, Format Version 12.00
# Visual Studio Version 18
VisualStudioVersion = 18.3.11429.125
MinimumVisualStudioVersion = 10.0.40219.1
Project("{FAE04EC0-301F-11D3-BF4B-00C04F79EFBC}") = "WolfyDesktop", "WolfyDesktop\WolfyDesktop.csproj", "{AF317DB8-3876-4C31-A65C-E0140E960A7A}"
EndProject
Project("{FAE04EC0-301F-11D3-BF4B-00C04F79EFBC}") = "WolfyDesktop.Core", "WolfyDesktop.Core\WolfyDesktop.Core.csproj", "{6D237673-289D-4448-9D4D-2558E2C218BE}"
EndProject
Project("{FAE04EC0-301F-11D3-BF4B-00C04F79EFBC}") = "WolfyDesktop.Tests", "WolfyDesktop.Tests\WolfyDesktop.Tests.csproj", "{CDCCAF60-BC06-4567-A1CE-4F08E65C8793}"
EndProject
Global
	GlobalSection(SolutionConfigurationPlatforms) = preSolution
		Debug|x64 = Debug|x64
		Debug|ARM64 = Debug|ARM64
		Release|x64 = Release|x64
		Release|ARM64 = Release|ARM64
	EndGlobalSection
	GlobalSection(ProjectConfigurationPlatforms) = postSolution
		{AF317DB8-3876-4C31-A65C-E0140E960A7A}.Debug|x64.ActiveCfg = Debug|x64
		{AF317DB8-3876-4C31-A65C-E0140E960A7A}.Debug|x64.Build.0 = Debug|x64
		{AF317DB8-3876-4C31-A65C-E0140E960A7A}.Debug|x64.Deploy.0 = Debug|x64
		{AF317DB8-3876-4C31-A65C-E0140E960A7A}.Debug|ARM64.ActiveCfg = Debug|ARM64
		{AF317DB8-3876-4C31-A65C-E0140E960A7A}.Debug|ARM64.Build.0 = Debug|ARM64
		{AF317DB8-3876-4C31-A65C-E0140E960A7A}.Debug|ARM64.Deploy.0 = Debug|ARM64
		{AF317DB8-3876-4C31-A65C-E0140E960A7A}.Release|x64.ActiveCfg = Release|x64
		{AF317DB8-3876-4C31-A65C-E0140E960A7A}.Release|x64.Build.0 = Release|x64
		{AF317DB8-3876-4C31-A65C-E0140E960A7A}.Release|x64.Deploy.0 = Release|x64
		{AF317DB8-3876-4C31-A65C-E0140E960A7A}.Release|ARM64.ActiveCfg = Release|ARM64
		{AF317DB8-3876-4C31-A65C-E0140E960A7A}.Release|ARM64.Build.0 = Release|ARM64
		{AF317DB8-3876-4C31-A65C-E0140E960A7A}.Release|ARM64.Deploy.0 = Release|ARM64
		{6D237673-289D-4448-9D4D-2558E2C218BE}.Debug|x64.ActiveCfg = Debug|Any CPU
		{6D237673-289D-4448-9D4D-2558E2C218BE}.Debug|x64.Build.0 = Debug|Any CPU
		{6D237673-289D-4448-9D4D-2558E2C218BE}.Debug|ARM64.ActiveCfg = Debug|Any CPU
		{6D237673-289D-4448-9D4D-2558E2C218BE}.Debug|ARM64.Build.0 = Debug|Any CPU
		{6D237673-289D-4448-9D4D-2558E2C218BE}.Release|x64.ActiveCfg = Release|Any CPU
		{6D237673-289D-4448-9D4D-2558E2C218BE}.Release|x64.Build.0 = Release|Any CPU
		{6D237673-289D-4448-9D4D-2558E2C218BE}.Release|ARM64.ActiveCfg = Release|Any CPU
		{6D237673-289D-4448-9D4D-2558E2C218BE}.Release|ARM64.Build.0 = Release|Any CPU
		{CDCCAF60-BC06-4567-A1CE-4F08E65C8793}.Debug|x64.ActiveCfg = Debug|Any CPU
		{CDCCAF60-BC06-4567-A1CE-4F08E65C8793}.Debug|x64.Build.0 = Debug|Any CPU
		{CDCCAF60-BC06-4567-A1CE-4F08E65C8793}.Debug|ARM64.ActiveCfg = Debug|Any CPU
		{CDCCAF60-BC06-4567-A1CE-4F08E65C8793}.Debug|ARM64.Build.0 = Debug|Any CPU
		{CDCCAF60-BC06-4567-A1CE-4F08E65C8793}.Release|x64.ActiveCfg = Release|Any CPU
		{CDCCAF60-BC06-4567-A1CE-4F08E65C8793}.Release|x64.Build.0 = Release|Any CPU
		{CDCCAF60-BC06-4567-A1CE-4F08E65C8793}.Release|ARM64.ActiveCfg = Release|Any CPU
		{CDCCAF60-BC06-4567-A1CE-4F08E65C8793}.Release|ARM64.Build.0 = Release|Any CPU
	EndGlobalSection
	GlobalSection(SolutionProperties) = preSolution
		HideSolutionNode = FALSE
	EndGlobalSection
	GlobalSection(ExtensibilityGlobals) = postSolution
		SolutionGuid = {D102DBD1-250E-47AB-8208-8DC4E4310FA3}
	EndGlobalSection
EndGlobal
